Microsoft Visual Studio Solution File, Format Version 12.00
# Visual Studio Version 17
VisualStudioVersion = 17.5.2.0
MinimumVisualStudioVersion = 10.0.40219.1
Project("{FAE04EC0-301F-11D3-BF4B-00C04F79EFBC}") = "dotnet8-api-project", "dotnet8-api-project.csproj", "{D23706E8-0ACA-E141-2484-CE60A4857C21}"
EndProject
Global
	GlobalSection(SolutionConfigurationPlatforms) = preSolution
		Debug|Any CPU = Debug|Any CPU
		Release|Any CPU = Release|Any CPU
	EndGlobalSection
	GlobalSection(ProjectConfigurationPlatforms) = postSolution
		{D23706E8-0ACA-E141-2484-CE60A4857C21}.Debug|Any CPU.ActiveCfg = Debug|Any CPU
		{D23706E8-0ACA-E141-2484-CE60A4857C21}.Debug|Any CPU.Build.0 = Debug|Any CPU
		{D23706E8-0ACA-E141-2484-CE60A4857C21}.Release|Any CPU.ActiveCfg = Release|Any CPU
		{D23706E8-0ACA-E141-2484-CE60A4857C21}.Release|Any CPU.Build.0 = Release|Any CPU
	EndGlobalSection
	GlobalSection(SolutionProperties) = preSolution
		HideSolutionNode = FALSE
	EndGlobalSection
	GlobalSection(ExtensibilityGlobals) = postSolution
		SolutionGuid = {3A6C8EF2-CD15-4321-AF9A-9044D8A261C4}
	EndGlobalSection
EndGlobal
